// !$*UTF8*$!
{
	archiveVersion = 1;
	classes = {
	};
	objectVersion = 56;
	objects = {

/* Begin PBXBuildFile section */
		6620FD4B2AECBE4600B6DC9C /* AppDelegate.swift in Sources */ = {isa = PBXBuildFile; fileRef = 6620FD4A2AECBE4600B6DC9C /* AppDelegate.swift */; };
		6620FD4D2AECBE4600B6DC9C /* SceneDelegate.swift in Sources */ = {isa = PBXBuildFile; fileRef = 6620FD4C2AECBE4600B6DC9C /* SceneDelegate.swift */; };
		6620FD4F2AECBE4600B6DC9C /* ViewController.swift in Sources */ = {isa = PBXBuildFile; fileRef = 6620FD4E2AECBE4600B6DC9C /* ViewController.swift */; };
		6620FD522AECBE4600B6DC9C /* Main.storyboard in Resources */ = {isa = PBXBuildFile; fileRef = 6620FD502AECBE4600B6DC9C /* Main.storyboard */; };
		6620FD542AECBE4800B6DC9C /* Assets.xcassets in Resources */ = {isa = PBXBuildFile; fileRef = 6620FD532AECBE4800B6DC9C /* Assets.xcassets */; };
		6620FD572AECBE4800B6DC9C /* LaunchScreen.storyboard in Resources */ = {isa = PBXBuildFile; fileRef = 6620FD552AECBE4800B6DC9C /* LaunchScreen.storyboard */; };
		6620FD602AECBE9900B6DC9C /* CityTableViewCell.swift in Sources */ = {isa = PBXBuildFile; fileRef = 6620FD5E2AECBE9900B6DC9C /* CityTableViewCell.swift */; };
		6620FD612AECBE9900B6DC9C /* CityTableViewCell.xib in Resources */ = {isa = PBXBuildFile; fileRef = 6620FD5F2AECBE9900B6DC9C /* CityTableViewCell.xib */; };
		6620FD632AECC1F000B6DC9C /* Utility.swift in Sources */ = {isa = PBXBuildFile; fileRef = 6620FD622AECC1F000B6DC9C /* Utility.swift */; };
/* End PBXBuildFile section */

/* Begin PBXFileReference section */
		6620FD472AECBE4600B6DC9C /* CitiesHW.app */ = {isa = PBXFileReference; explicitFileType = wrapper.application; includeInIndex = 0; path = CitiesHW.app; sourceTree = BUILT_PRODUCTS_DIR; };
		6620FD4A2AECBE4600B6DC9C /* AppDelegate.swift */ = {isa = PBXFileReference; lastKnownFileType = sourcecode.swift; path = AppDelegate.swift; sourceTree = "<group>"; };
		6620FD4C2AECBE4600B6DC9C /* SceneDelegate.swift */ = {isa = PBXFileReference; lastKnownFileType = sourcecode.swift; path = SceneDelegate.swift; sourceTree = "<group>"; };
		6620FD4E2AECBE4600B6DC9C /* ViewController.swift */ = {isa = PBXFileReference; lastKnownFileType = sourcecode.swift; path = ViewController.swift; sourceTree = "<group>"; };
		6620FD512AECBE4600B6DC9C /* Base */ = {isa = PBXFileReference; lastKnownFileType = file.storyboard; name = Base; path = Base.lproj/Main.storyboard; sourceTree = "<group>"; };
		6620FD532AECBE4800B6DC9C /* Assets.xcassets */ = {isa = PBXFileReference; lastKnownFileType = folder.assetcatalog; path = Assets.xcassets; sourceTree = "<group>"; };
		6620FD562AECBE4800B6DC9C /* Base */ = {isa = PBXFileReference; lastKnownFileType = file.storyboard; name = Base; path = Base.lproj/LaunchScreen.storyboard; sourceTree = "<group>"; };
		6620FD582AECBE4800B6DC9C /* Info.plist */ = {isa = PBXFileReference; lastKnownFileType = text.plist.xml; path = Info.plist; sourceTree = "<group>"; };
		6620FD5E2AECBE9900B6DC9C /* CityTableViewCell.swift */ = {isa = PBXFileReference; lastKnownFileType = sourcecode.swift; path = CityTableViewCell.swift; sourceTree = "<group>"; };
		6620FD5F2AECBE9900B6DC9C /* CityTableViewCell.xib */ = {isa = PBXFileReference; lastKnownFileType = file.xib; path = CityTableViewCell.xib; sourceTree = "<group>"; };
		6620FD622AECC1F000B6DC9C /* Utility.swift */ = {isa = PBXFileReference; lastKnownFileType = sourcecode.swift; path = Utility.swift; sourceTree = "<group>"; };
/* End PBXFileReference section */

/* Begin PBXFrameworksBuildPhase section */
		6620FD442AECBE4600B6DC9C /* Frameworks */ = {
			isa = PBXFrameworksBuildPhase;
			buildActionMask = 2147483647;
			files = (
			);
			runOnlyForDeploymentPostprocessing = 0;
		};
/* End PBXFrameworksBuildPhase section */

/* Begin PBXGroup section */
		6620FD3E2AECBE4600B6DC9C = {
			isa = PBXGroup;
			children = (
				6620FD492AECBE4600B6DC9C /* CitiesHW */,
				6620FD482AECBE4600B6DC9C /* Products */,
			);
			sourceTree = "<group>";
		};
		6620FD482AECBE4600B6DC9C /* Products */ = {
			isa = PBXGroup;
			children = (
				6620FD472AECBE4600B6DC9C /* CitiesHW.app */,
			);
			name = Products;
			sourceTree = "<group>";
		};
		6620FD492AECBE4600B6DC9C /* CitiesHW */ = {
			isa = PBXGroup;
			children = (
				6620FD4A2AECBE4600B6DC9C /* AppDelegate.swift */,
				6620FD4C2AECBE4600B6DC9C /* SceneDelegate.swift */,
				6620FD4E2AECBE4600B6DC9C /* ViewController.swift */,
				6620FD502AECBE4600B6DC9C /* Main.storyboard */,
				6620FD532AECBE4800B6DC9C /* Assets.xcassets */,
				6620FD552AECBE4800B6DC9C /* LaunchScreen.storyboard */,
				6620FD582AECBE4800B6DC9C /* Info.plist */,
				6620FD5F2AECBE9900B6DC9C /* CityTableViewCell.xib */,
				6620FD5E2AECBE9900B6DC9C /* CityTableViewCell.swift */,
				6620FD622AECC1F000B6DC9C /* Utility.swift */,
			);
			path = CitiesHW;
			sourceTree = "<group>";
		};
/* End PBXGroup section */

/* Begin PBXNativeTarget section */
		6620FD462AECBE4600B6DC9C /* CitiesHW */ = {
			isa = PBXNativeTarget;
			buildConfigurationList = 6620FD5B2AECBE4800B6DC9C /* Build configuration list for PBXNativeTarget "CitiesHW" */;
			buildPhases = (
				6620FD432AECBE4600B6DC9C /* Sources */,
				6620FD442AECBE4600B6DC9C /* Frameworks */,
				6620FD452AECBE4600B6DC9C /* Resources */,
			);
			buildRules = (
			);
			dependencies = (
			);
			name = CitiesHW;
			productName = CitiesHW;
			productReference = 6620FD472AECBE4600B6DC9C /* CitiesHW.app */;
			productType = "com.apple.product-type.application";
		};
/* End PBXNativeTarget section */

/* Begin PBXProject section */
		6620FD3F2AECBE4600B6DC9C /* Project object */ = {
			isa = PBXProject;
			attributes = {
				BuildIndependentTargetsInParallel = 1;
				LastSwiftUpdateCheck = 1420;
				LastUpgradeCheck = 1420;
				TargetAttributes = {
					6620FD462AECBE4600B6DC9C = {
						CreatedOnToolsVersion = 14.2;
					};
				};
			};
			buildConfigurationList = 6620FD422AECBE4600B6DC9C /* Build configuration list for PBXProject "CitiesHW" */;
			compatibilityVersion = "Xcode 14.0";
			developmentRegion = en;
			hasScannedForEncodings = 0;
			knownRegions = (
				en,
				Base,
			);
			mainGroup = 6620FD3E2AECBE4600B6DC9C;
			productRefGroup = 6620FD482AECBE4600B6DC9C /* Products */;
			projectDirPath = "";
			projectRoot = "";
			targets = (
				6620FD462AECBE4600B6DC9C /* CitiesHW */,
			);
		};
/* End PBXProject section */

/* Begin PBXResourcesBuildPhase section */
		6620FD452AECBE4600B6DC9C /* Resources */ = {
			isa = PBXResourcesBuildPhase;
			buildActionMask = 2147483647;
			files = (
				6620FD572AECBE4800B6DC9C /* LaunchScreen.storyboard in Resources */,
				6620FD542AECBE4800B6DC9C /* Assets.xcassets in Resources */,
				6620FD612AECBE9900B6DC9C /* CityTableViewCell.xib in Resources */,
				6620FD522AECBE4600B6DC9C /* Main.storyboard in Resources */,
			);
			runOnlyForDeploymentPostprocessing = 0;
		};
/* End PBXResourcesBuildPhase section */

/* Begin PBXSourcesBuildPhase section */
		6620FD432AECBE4600B6DC9C /* Sources */ = {
			isa = PBXSourcesBuildPhase;
			buildActionMask = 2147483647;
			files = (
				6620FD4F2AECBE4600B6DC9C /* ViewController.swift in Sources */,
				6620FD4B2AECBE4600B6DC9C /* AppDelegate.swift in Sources */,
				6620FD632AECC1F000B6DC9C /* Utility.swift in Sources */,
				6620FD602AECBE9900B6DC9C /* CityTableViewCell.swift in Sources */,
				6620FD4D2AECBE4600B6DC9C /* SceneDelegate.swift in Sources */,
			);
			runOnlyForDeploymentPostprocessing = 0;
		};
/* End PBXSourcesBuildPhase section */

/* Begin PBXVariantGroup section */
		6620FD502AECBE4600B6DC9C /* Main.storyboard */ = {
			isa = PBXVariantGroup;
			children = (
				6620FD512AECBE4600B6DC9C /* Base */,
			);
			name = Main.storyboard;
			sourceTree = "<group>";
		};
		6620FD552AECBE4800B6DC9C /* LaunchScreen.storyboard */ = {
			isa = PBXVariantGroup;
			children = (
				6620FD562AECBE4800B6DC9C /* Base */,
			);
			name = LaunchScreen.storyboard;
			sourceTree = "<group>";
		};
/* End PBXVariantGroup section */

/* Begin XCBuildConfiguration section */
		6620FD592AECBE4800B6DC9C /* Debug */ = {
			isa = XCBuildConfiguration;
			buildSettings = {
				ALWAYS_SEARCH_USER_PATHS = NO;
				CLANG_ANALYZER_NONNULL = YES;
				CLANG_ANALYZER_NUMBER_OBJECT_CONVERSION = YES_AGGRESSIVE;
				CLANG_CXX_LANGUAGE_STANDARD = "gnu++20";
				CLANG_ENABLE_MODULES = YES;
				CLANG_ENABLE_OBJC_ARC = YES;
				CLANG_ENABLE_OBJC_WEAK = YES;
				CLANG_WARN_BLOCK_CAPTURE_AUTORELEASING = YES;
				CLANG_WARN_BOOL_CONVERSION = YES;
				CLANG_WARN_COMMA = YES;
				CLANG_WARN_CONSTANT_CONVERSION = YES;
				CLANG_WARN_DEPRECATED_OBJC_IMPLEMENTATIONS = YES;
				CLANG_WARN_DIRECT_OBJC_ISA_USAGE = YES_ERROR;
				CLANG_WARN_DOCUMENTATION_COMMENTS = YES;
				CLANG_WARN_EMPTY_BODY = YES;
				CLANG_WARN_ENUM_CONVERSION = YES;
				CLANG_WARN_INFINITE_RECURSION = YES;
				CLANG_WARN_INT_CONVERSION = YES;
				CLANG_WARN_NON_LITERAL_NULL_CONVERSION = YES;
				CLANG_WARN_OBJC_IMPLICIT_RETAIN_SELF = YES;
				CLANG_WARN_OBJC_LITERAL_CONVERSION = YES;
				CLANG_WARN_OBJC_ROOT_CLASS = YES_ERROR;
				CLANG_WARN_QUOTED_INCLUDE_IN_FRAMEWORK_HEADER = YES;
				CLANG_WARN_RANGE_LOOP_ANALYSIS = YES;
				CLANG_WARN_STRICT_PROTOTYPES = YES;
				CLANG_WARN_SUSPICIOUS_MOVE = YES;
				CLANG_WARN_UNGUARDED_AVAILABILITY = YES_AGGRESSIVE;
				CLANG_WARN_UNREACHABLE_CODE = YES;
				CLANG_WARN__DUPLICATE_METHOD_MATCH = YES;
				COPY_PHASE_STRIP = NO;
				DEBUG_INFORMATION_FORMAT = dwarf;
				ENABLE_STRICT_OBJC_MSGSEND = YES;
				ENABLE_TESTABILITY = YES;
				GCC_C_LANGUAGE_STANDARD = gnu11;
				GCC_DYNAMIC_NO_PIC = NO;
				GCC_NO_COMMON_BLOCKS = YES;
				GCC_OPTIMIZATION_LEVEL = 0;
				GCC_PREPROCESSOR_DEFINITIONS = (
					"DEBUG=1",
					"$(inherited)",
				);
				GCC_WARN_64_TO_32_BIT_CONVERSION = YES;
				GCC_WARN_ABOUT_RETURN_TYPE = YES_ERROR;
				GCC_WARN_UNDECLARED_SELECTOR = YES;
				GCC_WARN_UNINITIALIZED_AUTOS = YES_AGGRESSIVE;
				GCC_WARN_UNUSED_FUNCTION = YES;
				GCC_WARN_UNUSED_VARIABLE = YES;
				IPHONEOS_DEPLOYMENT_TARGET = 16.2;
				MTL_ENABLE_DEBUG_INFO = INCLUDE_SOURCE;
				MTL_FAST_MATH = YES;
				ONLY_ACTIVE_ARCH = YES;
				SDKROOT = iphoneos;
				SWIFT_ACTIVE_COMPILATION_CONDITIONS = DEBUG;
				SWIFT_OPTIMIZATION_LEVEL = "-Onone";
			};
			name = Debug;
		};
		6620FD5A2AECBE4800B6DC9C /* Release */ = {
			isa = XCBuildConfiguration;
			buildSettings = {
				ALWAYS_SEARCH_USER_PATHS = NO;
				CLANG_ANALYZER_NONNULL = YES;
				CLANG_ANALYZER_NUMBER_OBJECT_CONVERSION = YES_AGGRESSIVE;
				CLANG_CXX_LANGUAGE_STANDARD = "gnu++20";
				CLANG_ENABLE_MODULES = YES;
				CLANG_ENABLE_OBJC_ARC = YES;
				CLANG_ENABLE_OBJC_WEAK = YES;
				CLANG_WARN_BLOCK_CAPTURE_AUTORELEASING = YES;
				CLANG_WARN_BOOL_CONVERSION = YES;
				CLANG_WARN_COMMA = YES;
				CLANG_WARN_CONSTANT_CONVERSION = YES;
				CLANG_WARN_DEPRECATED_OBJC_IMPLEMENTATIONS = YES;
				CLANG_WARN_DIRECT_OBJC_ISA_USAGE = YES_ERROR;
				CLANG_WARN_DOCUMENTATION_COMMENTS = YES;
				CLANG_WARN_EMPTY_BODY = YES;
				CLANG_WARN_ENUM_CONVERSION = YES;
				CLANG_WARN_INFINITE_RECURSION = YES;
				CLANG_WARN_INT_CONVERSION = YES;
				CLANG_WARN_NON_LITERAL_NULL_CONVERSION = YES;
				CLANG_WARN_OBJC_IMPLICIT_RETAIN_SELF = YES;
				CLANG_WARN_OBJC_LITERAL_CONVERSION = YES;
				CLANG_WARN_OBJC_ROOT_CLASS = YES_ERROR;
				CLANG_WARN_QUOTED_INCLUDE_IN_FRAMEWORK_HEADER = YES;
				CLANG_WARN_RANGE_LOOP_ANALYSIS = YES;
				CLANG_WARN_STRICT_PROTOTYPES = YES;
				CLANG_WARN_SUSPICIOUS_MOVE = YES;
				CLANG_WARN_UNGUARDED_AVAILABILITY = YES_AGGRESSIVE;
				CLANG_WARN_UNREACHABLE_CODE = YES;
				CLANG_WARN__DUPLICATE_METHOD_MATCH = YES;
				COPY_PHASE_STRIP = NO;
				DEBUG_INFORMATION_FORMAT = "dwarf-with-dsym";
				ENABLE_NS_ASSERTIONS = NO;
				ENABLE_STRICT_OBJC_MSGSEND = YES;
				GCC_C_LANGUAGE_STANDARD = gnu11;
				GCC_NO_COMMON_BLOCKS = YES;
				GCC_WARN_64_TO_32_BIT_CONVERSION = YES;
				GCC_WARN_ABOUT_RETURN_TYPE = YES_ERROR;
				GCC_WARN_UNDECLARED_SELECTOR = YES;
				GCC_WARN_UNINITIALIZED_AUTOS = YES_AGGRESSIVE;
				GCC_WARN_UNUSED_FUNCTION = YES;
				GCC_WARN_UNUSED_VARIABLE = YES;
				IPHONEOS_DEPLOYMENT_TARGET = 16.2;
				MTL_ENABLE_DEBUG_INFO = NO;
				MTL_FAST_MATH = YES;
				SDKROOT = iphoneos;
				SWIFT_COMPILATION_MODE = wholemodule;
				SWIFT_OPTIMIZATION_LEVEL = "-O";
				VALIDATE_PRODUCT = YES;
			};
			name = Release;
		};
		6620FD5C2AECBE4800B6DC9C /* Debug */ = {
			isa = XCBuildConfiguration;
			buildSettings = {
				ASSETCATALOG_COMPILER_APPICON_NAME = AppIcon;
				ASSETCATALOG_COMPILER_GLOBAL_ACCENT_COLOR_NAME = AccentColor;
				CODE_SIGN_STYLE = Automatic;
				CURRENT_PROJECT_VERSION = 1;
				DEVELOPMENT_TEAM = QHNXY85LKN;
				GENERATE_INFOPLIST_FILE = YES;
				INFOPLIST_FILE = CitiesHW/Info.plist;
				INFOPLIST_KEY_UIApplicationSupportsIndirectInputEvents = YES;
				INFOPLIST_KEY_UILaunchStoryboardName = LaunchScreen;
				INFOPLIST_KEY_UIMainStoryboardFile = Main;
				INFOPLIST_KEY_UISupportedInterfaceOrientations_iPad = "UIInterfaceOrientationPortrait UIInterfaceOrientationPortraitUpsideDown UIInterfaceOrientationLandscapeLeft UIInterfaceOrientationLandscapeRight";
				INFOPLIST_KEY_UISupportedInterfaceOrientations_iPhone = "UIInterfaceOrientationPortrait UIInterfaceOrientationLandscapeLeft UIInterfaceOrientationLandscapeRight";
				LD_RUNPATH_SEARCH_PATHS = (
					"$(inherited)",
					"@executable_path/Frameworks",
				);
				MARKETING_VERSION = 1.0;
				PRODUCT_BUNDLE_IDENTIFIER = xdyeama.CitiesHW;
				PRODUCT_NAME = "$(TARGET_NAME)";
				SWIFT_EMIT_LOC_STRINGS = YES;
				SWIFT_VERSION = 5.0;
				TARGETED_DEVICE_FAMILY = "1,2";
			};
			name = Debug;
		};
		6620FD5D2AECBE4800B6DC9C /* Release */ = {
			isa = XCBuildConfiguration;
			buildSettings = {
				ASSETCATALOG_COMPILER_APPICON_NAME = AppIcon;
				ASSETCATALOG_COMPILER_GLOBAL_ACCENT_COLOR_NAME = AccentColor;
				CODE_SIGN_STYLE = Automatic;
				CURRENT_PROJECT_VERSION = 1;
				DEVELOPMENT_TEAM = QHNXY85LKN;
				GENERATE_INFOPLIST_FILE = YES;
				INFOPLIST_FILE = CitiesHW/Info.plist;
				INFOPLIST_KEY_UIApplicationSupportsIndirectInputEvents = YES;
				INFOPLIST_KEY_UILaunchStoryboardName = LaunchScreen;
				INFOPLIST_KEY_UIMainStoryboardFile = Main;
				INFOPLIST_KEY_UISupportedInterfaceOrientations_iPad = "UIInterfaceOrientationPortrait UIInterfaceOrientationPortraitUpsideDown UIInterfaceOrientationLandscapeLeft UIInterfaceOrientationLandscapeRight";
				INFOPLIST_KEY_UISupportedInterfaceOrientations_iPhone = "UIInterfaceOrientationPortrait UIInterfaceOrientationLandscapeLeft UIInterfaceOrientationLandscapeRight";
				LD_RUNPATH_SEARCH_PATHS = (
					"$(inherited)",
					"@executable_path/Frameworks",
				);
				MARKETING_VERSION = 1.0;
				PRODUCT_BUNDLE_IDENTIFIER = xdyeama.CitiesHW;
				PRODUCT_NAME = "$(TARGET_NAME)";
				SWIFT_EMIT_LOC_STRINGS = YES;
				SWIFT_VERSION = 5.0;
				TARGETED_DEVICE_FAMILY = "1,2";
			};
			name = Release;
		};
/* End XCBuildConfiguration section */

/* Begin XCConfigurationList section */
		6620FD422AECBE4600B6DC9C /* Build configuration list for PBXProject "CitiesHW" */ = {
			isa = XCConfigurationList;
			buildConfigurations = (
				6620FD592AECBE4800B6DC9C /* Debug */,
				6620FD5A2AECBE4800B6DC9C /* Release */,
			);
			defaultConfigurationIsVisible = 0;
			defaultConfigurationName = Release;
		};
		6620FD5B2AECBE4800B6DC9C /* Build configuration list for PBXNativeTarget "CitiesHW" */ = {
			isa = XCConfigurationList;
			buildConfigurations = (
				6620FD5C2AECBE4800B6DC9C /* Debug */,
				6620FD5D2AECBE4800B6DC9C /* Release */,
			);
			defaultConfigurationIsVisible = 0;
			defaultConfigurationName = Release;
		};
/* End XCConfigurationList section */
	};
	rootObject = 6620FD3F2AECBE4600B6DC9C /* Project object */;
}
