// !$*UTF8*$!
{
	archiveVersion = 1;
	classes = {
	};
	objectVersion = 56;
	objects = {

/* Begin PBXBuildFile section */
		661338132ACEC26A004A8792 /* AppDelegate.swift in Sources */ = {isa = PBXBuildFile; fileRef = 661338122ACEC26A004A8792 /* AppDelegate.swift */; };
		661338152ACEC26A004A8792 /* SceneDelegate.swift in Sources */ = {isa = PBXBuildFile; fileRef = 661338142ACEC26A004A8792 /* SceneDelegate.swift */; };
		661338172ACEC26A004A8792 /* ViewController.swift in Sources */ = {isa = PBXBuildFile; fileRef = 661338162ACEC26A004A8792 /* ViewController.swift */; };
		6613381A2ACEC26A004A8792 /* Main.storyboard in Resources */ = {isa = PBXBuildFile; fileRef = 661338182ACEC26A004A8792 /* Main.storyboard */; };
		6613381C2ACEC26C004A8792 /* Assets.xcassets in Resources */ = {isa = PBXBuildFile; fileRef = 6613381B2ACEC26C004A8792 /* Assets.xcassets */; };
		6613381F2ACEC26C004A8792 /* LaunchScreen.storyboard in Resources */ = {isa = PBXBuildFile; fileRef = 6613381D2ACEC26C004A8792 /* LaunchScreen.storyboard */; };
		661338272ACEC5E2004A8792 /* PersonDataModel.swift in Sources */ = {isa = PBXBuildFile; fileRef = 661338262ACEC5E2004A8792 /* PersonDataModel.swift */; };
		6613382A2ACEC82C004A8792 /* PersonTableViewCell.swift in Sources */ = {isa = PBXBuildFile; fileRef = 661338282ACEC82C004A8792 /* PersonTableViewCell.swift */; };
		6613382B2ACEC82C004A8792 /* PersonTableViewCell.xib in Resources */ = {isa = PBXBuildFile; fileRef = 661338292ACEC82C004A8792 /* PersonTableViewCell.xib */; };
		6620FD6B2AF3F41600B6DC9C /* AddPersonFormViewController.swift in Sources */ = {isa = PBXBuildFile; fileRef = 6620FD6A2AF3F41500B6DC9C /* AddPersonFormViewController.swift */; };
/* End PBXBuildFile section */

/* Begin PBXFileReference section */
		6613380F2ACEC26A004A8792 /* NamesList.app */ = {isa = PBXFileReference; explicitFileType = wrapper.application; includeInIndex = 0; path = NamesList.app; sourceTree = BUILT_PRODUCTS_DIR; };
		661338122ACEC26A004A8792 /* AppDelegate.swift */ = {isa = PBXFileReference; lastKnownFileType = sourcecode.swift; path = AppDelegate.swift; sourceTree = "<group>"; };
		661338142ACEC26A004A8792 /* SceneDelegate.swift */ = {isa = PBXFileReference; lastKnownFileType = sourcecode.swift; path = SceneDelegate.swift; sourceTree = "<group>"; };
		661338162ACEC26A004A8792 /* ViewController.swift */ = {isa = PBXFileReference; lastKnownFileType = sourcecode.swift; path = ViewController.swift; sourceTree = "<group>"; };
		661338192ACEC26A004A8792 /* Base */ = {isa = PBXFileReference; lastKnownFileType = file.storyboard; name = Base; path = Base.lproj/Main.storyboard; sourceTree = "<group>"; };
		6613381B2ACEC26C004A8792 /* Assets.xcassets */ = {isa = PBXFileReference; lastKnownFileType = folder.assetcatalog; path = Assets.xcassets; sourceTree = "<group>"; };
		6613381E2ACEC26C004A8792 /* Base */ = {isa = PBXFileReference; lastKnownFileType = file.storyboard; name = Base; path = Base.lproj/LaunchScreen.storyboard; sourceTree = "<group>"; };
		661338202ACEC26C004A8792 /* Info.plist */ = {isa = PBXFileReference; lastKnownFileType = text.plist.xml; path = Info.plist; sourceTree = "<group>"; };
		661338262ACEC5E2004A8792 /* PersonDataModel.swift */ = {isa = PBXFileReference; lastKnownFileType = sourcecode.swift; path = PersonDataModel.swift; sourceTree = "<group>"; };
		661338282ACEC82C004A8792 /* PersonTableViewCell.swift */ = {isa = PBXFileReference; lastKnownFileType = sourcecode.swift; path = PersonTableViewCell.swift; sourceTree = "<group>"; };
		661338292ACEC82C004A8792 /* PersonTableViewCell.xib */ = {isa = PBXFileReference; lastKnownFileType = file.xib; path = PersonTableViewCell.xib; sourceTree = "<group>"; };
		6620FD6A2AF3F41500B6DC9C /* AddPersonFormViewController.swift */ = {isa = PBXFileReference; lastKnownFileType = sourcecode.swift; path = AddPersonFormViewController.swift; sourceTree = "<group>"; };
/* End PBXFileReference section */

/* Begin PBXFrameworksBuildPhase section */
		6613380C2ACEC26A004A8792 /* Frameworks */ = {
			isa = PBXFrameworksBuildPhase;
			buildActionMask = 2147483647;
			files = (
			);
			runOnlyForDeploymentPostprocessing = 0;
		};
/* End PBXFrameworksBuildPhase section */

/* Begin PBXGroup section */
		661338062ACEC26A004A8792 = {
			isa = PBXGroup;
			children = (
				661338112ACEC26A004A8792 /* NamesList */,
				661338102ACEC26A004A8792 /* Products */,
			);
			sourceTree = "<group>";
		};
		661338102ACEC26A004A8792 /* Products */ = {
			isa = PBXGroup;
			children = (
				6613380F2ACEC26A004A8792 /* NamesList.app */,
			);
			name = Products;
			sourceTree = "<group>";
		};
		661338112ACEC26A004A8792 /* NamesList */ = {
			isa = PBXGroup;
			children = (
				661338122ACEC26A004A8792 /* AppDelegate.swift */,
				661338142ACEC26A004A8792 /* SceneDelegate.swift */,
				661338162ACEC26A004A8792 /* ViewController.swift */,
				661338292ACEC82C004A8792 /* PersonTableViewCell.xib */,
				661338262ACEC5E2004A8792 /* PersonDataModel.swift */,
				661338282ACEC82C004A8792 /* PersonTableViewCell.swift */,
				661338182ACEC26A004A8792 /* Main.storyboard */,
				6613381B2ACEC26C004A8792 /* Assets.xcassets */,
				6613381D2ACEC26C004A8792 /* LaunchScreen.storyboard */,
				661338202ACEC26C004A8792 /* Info.plist */,
				6620FD6A2AF3F41500B6DC9C /* AddPersonFormViewController.swift */,
			);
			path = NamesList;
			sourceTree = "<group>";
		};
/* End PBXGroup section */

/* Begin PBXNativeTarget section */
		6613380E2ACEC26A004A8792 /* NamesList */ = {
			isa = PBXNativeTarget;
			buildConfigurationList = 661338232ACEC26C004A8792 /* Build configuration list for PBXNativeTarget "NamesList" */;
			buildPhases = (
				6613380B2ACEC26A004A8792 /* Sources */,
				6613380C2ACEC26A004A8792 /* Frameworks */,
				6613380D2ACEC26A004A8792 /* Resources */,
			);
			buildRules = (
			);
			dependencies = (
			);
			name = NamesList;
			productName = NamesList;
			productReference = 6613380F2ACEC26A004A8792 /* NamesList.app */;
			productType = "com.apple.product-type.application";
		};
/* End PBXNativeTarget section */

/* Begin PBXProject section */
		661338072ACEC26A004A8792 /* Project object */ = {
			isa = PBXProject;
			attributes = {
				BuildIndependentTargetsInParallel = 1;
				LastSwiftUpdateCheck = 1420;
				LastUpgradeCheck = 1420;
				TargetAttributes = {
					6613380E2ACEC26A004A8792 = {
						CreatedOnToolsVersion = 14.2;
					};
				};
			};
			buildConfigurationList = 6613380A2ACEC26A004A8792 /* Build configuration list for PBXProject "NamesList" */;
			compatibilityVersion = "Xcode 14.0";
			developmentRegion = en;
			hasScannedForEncodings = 0;
			knownRegions = (
				en,
				Base,
			);
			mainGroup = 661338062ACEC26A004A8792;
			productRefGroup = 661338102ACEC26A004A8792 /* Products */;
			projectDirPath = "";
			projectRoot = "";
			targets = (
				6613380E2ACEC26A004A8792 /* NamesList */,
			);
		};
/* End PBXProject section */

/* Begin PBXResourcesBuildPhase section */
		6613380D2ACEC26A004A8792 /* Resources */ = {
			isa = PBXResourcesBuildPhase;
			buildActionMask = 2147483647;
			files = (
				6613381F2ACEC26C004A8792 /* LaunchScreen.storyboard in Resources */,
				6613381C2ACEC26C004A8792 /* Assets.xcassets in Resources */,
				6613382B2ACEC82C004A8792 /* PersonTableViewCell.xib in Resources */,
				6613381A2ACEC26A004A8792 /* Main.storyboard in Resources */,
			);
			runOnlyForDeploymentPostprocessing = 0;
		};
/* End PBXResourcesBuildPhase section */

/* Begin PBXSourcesBuildPhase section */
		6613380B2ACEC26A004A8792 /* Sources */ = {
			isa = PBXSourcesBuildPhase;
			buildActionMask = 2147483647;
			files = (
				661338172ACEC26A004A8792 /* ViewController.swift in Sources */,
				661338132ACEC26A004A8792 /* AppDelegate.swift in Sources */,
				661338272ACEC5E2004A8792 /* PersonDataModel.swift in Sources */,
				6613382A2ACEC82C004A8792 /* PersonTableViewCell.swift in Sources */,
				661338152ACEC26A004A8792 /* SceneDelegate.swift in Sources */,
				6620FD6B2AF3F41600B6DC9C /* AddPersonFormViewController.swift in Sources */,
			);
			runOnlyForDeploymentPostprocessing = 0;
		};
/* End PBXSourcesBuildPhase section */

/* Begin PBXVariantGroup section */
		661338182ACEC26A004A8792 /* Main.storyboard */ = {
			isa = PBXVariantGroup;
			children = (
				661338192ACEC26A004A8792 /* Base */,
			);
			name = Main.storyboard;
			sourceTree = "<group>";
		};
		6613381D2ACEC26C004A8792 /* LaunchScreen.storyboard */ = {
			isa = PBXVariantGroup;
			children = (
				6613381E2ACEC26C004A8792 /* Base */,
			);
			name = LaunchScreen.storyboard;
			sourceTree = "<group>";
		};
/* End PBXVariantGroup section */

/* Begin XCBuildConfiguration section */
		661338212ACEC26C004A8792 /* Debug */ = {
			isa = XCBuildConfiguration;
			buildSettings = {
				ALWAYS_SEARCH_USER_PATHS = NO;
				CLANG_ANALYZER_NONNULL = YES;
				CLANG_ANALYZER_NUMBER_OBJECT_CONVERSION = YES_AGGRESSIVE;
				CLANG_CXX_LANGUAGE_STANDARD = "gnu++20";
				CLANG_ENABLE_MODULES = YES;
				CLANG_ENABLE_OBJC_ARC = YES;
				CLANG_ENABLE_OBJC_WEAK = YES;
				CLANG_WARN_BLOCK_CAPTURE_AUTORELEASING = YES;
				CLANG_WARN_BOOL_CONVERSION = YES;
				CLANG_WARN_COMMA = YES;
				CLANG_WARN_CONSTANT_CONVERSION = YES;
				CLANG_WARN_DEPRECATED_OBJC_IMPLEMENTATIONS = YES;
				CLANG_WARN_DIRECT_OBJC_ISA_USAGE = YES_ERROR;
				CLANG_WARN_DOCUMENTATION_COMMENTS = YES;
				CLANG_WARN_EMPTY_BODY = YES;
				CLANG_WARN_ENUM_CONVERSION = YES;
				CLANG_WARN_INFINITE_RECURSION = YES;
				CLANG_WARN_INT_CONVERSION = YES;
				CLANG_WARN_NON_LITERAL_NULL_CONVERSION = YES;
				CLANG_WARN_OBJC_IMPLICIT_RETAIN_SELF = YES;
				CLANG_WARN_OBJC_LITERAL_CONVERSION = YES;
				CLANG_WARN_OBJC_ROOT_CLASS = YES_ERROR;
				CLANG_WARN_QUOTED_INCLUDE_IN_FRAMEWORK_HEADER = YES;
				CLANG_WARN_RANGE_LOOP_ANALYSIS = YES;
				CLANG_WARN_STRICT_PROTOTYPES = YES;
				CLANG_WARN_SUSPICIOUS_MOVE = YES;
				CLANG_WARN_UNGUARDED_AVAILABILITY = YES_AGGRESSIVE;
				CLANG_WARN_UNREACHABLE_CODE = YES;
				CLANG_WARN__DUPLICATE_METHOD_MATCH = YES;
				COPY_PHASE_STRIP = NO;
				DEBUG_INFORMATION_FORMAT = dwarf;
				ENABLE_STRICT_OBJC_MSGSEND = YES;
				ENABLE_TESTABILITY = YES;
				GCC_C_LANGUAGE_STANDARD = gnu11;
				GCC_DYNAMIC_NO_PIC = NO;
				GCC_NO_COMMON_BLOCKS = YES;
				GCC_OPTIMIZATION_LEVEL = 0;
				GCC_PREPROCESSOR_DEFINITIONS = (
					"DEBUG=1",
					"$(inherited)",
				);
				GCC_WARN_64_TO_32_BIT_CONVERSION = YES;
				GCC_WARN_ABOUT_RETURN_TYPE = YES_ERROR;
				GCC_WARN_UNDECLARED_SELECTOR = YES;
				GCC_WARN_UNINITIALIZED_AUTOS = YES_AGGRESSIVE;
				GCC_WARN_UNUSED_FUNCTION = YES;
				GCC_WARN_UNUSED_VARIABLE = YES;
				IPHONEOS_DEPLOYMENT_TARGET = 16.2;
				MTL_ENABLE_DEBUG_INFO = INCLUDE_SOURCE;
				MTL_FAST_MATH = YES;
				ONLY_ACTIVE_ARCH = YES;
				SDKROOT = iphoneos;
				SWIFT_ACTIVE_COMPILATION_CONDITIONS = DEBUG;
				SWIFT_OPTIMIZATION_LEVEL = "-Onone";
			};
			name = Debug;
		};
		661338222ACEC26C004A8792 /* Release */ = {
			isa = XCBuildConfiguration;
			buildSettings = {
				ALWAYS_SEARCH_USER_PATHS = NO;
				CLANG_ANALYZER_NONNULL = YES;
				CLANG_ANALYZER_NUMBER_OBJECT_CONVERSION = YES_AGGRESSIVE;
				CLANG_CXX_LANGUAGE_STANDARD = "gnu++20";
				CLANG_ENABLE_MODULES = YES;
				CLANG_ENABLE_OBJC_ARC = YES;
				CLANG_ENABLE_OBJC_WEAK = YES;
				CLANG_WARN_BLOCK_CAPTURE_AUTORELEASING = YES;
				CLANG_WARN_BOOL_CONVERSION = YES;
				CLANG_WARN_COMMA = YES;
				CLANG_WARN_CONSTANT_CONVERSION = YES;
				CLANG_WARN_DEPRECATED_OBJC_IMPLEMENTATIONS = YES;
				CLANG_WARN_DIRECT_OBJC_ISA_USAGE = YES_ERROR;
				CLANG_WARN_DOCUMENTATION_COMMENTS = YES;
				CLANG_WARN_EMPTY_BODY = YES;
				CLANG_WARN_ENUM_CONVERSION = YES;
				CLANG_WARN_INFINITE_RECURSION = YES;
				CLANG_WARN_INT_CONVERSION = YES;
				CLANG_WARN_NON_LITERAL_NULL_CONVERSION = YES;
				CLANG_WARN_OBJC_IMPLICIT_RETAIN_SELF = YES;
				CLANG_WARN_OBJC_LITERAL_CONVERSION = YES;
				CLANG_WARN_OBJC_ROOT_CLASS = YES_ERROR;
				CLANG_WARN_QUOTED_INCLUDE_IN_FRAMEWORK_HEADER = YES;
				CLANG_WARN_RANGE_LOOP_ANALYSIS = YES;
				CLANG_WARN_STRICT_PROTOTYPES = YES;
				CLANG_WARN_SUSPICIOUS_MOVE = YES;
				CLANG_WARN_UNGUARDED_AVAILABILITY = YES_AGGRESSIVE;
				CLANG_WARN_UNREACHABLE_CODE = YES;
				CLANG_WARN__DUPLICATE_METHOD_MATCH = YES;
				COPY_PHASE_STRIP = NO;
				DEBUG_INFORMATION_FORMAT = "dwarf-with-dsym";
				ENABLE_NS_ASSERTIONS = NO;
				ENABLE_STRICT_OBJC_MSGSEND = YES;
				GCC_C_LANGUAGE_STANDARD = gnu11;
				GCC_NO_COMMON_BLOCKS = YES;
				GCC_WARN_64_TO_32_BIT_CONVERSION = YES;
				GCC_WARN_ABOUT_RETURN_TYPE = YES_ERROR;
				GCC_WARN_UNDECLARED_SELECTOR = YES;
				GCC_WARN_UNINITIALIZED_AUTOS = YES_AGGRESSIVE;
				GCC_WARN_UNUSED_FUNCTION = YES;
				GCC_WARN_UNUSED_VARIABLE = YES;
				IPHONEOS_DEPLOYMENT_TARGET = 16.2;
				MTL_ENABLE_DEBUG_INFO = NO;
				MTL_FAST_MATH = YES;
				SDKROOT = iphoneos;
				SWIFT_COMPILATION_MODE = wholemodule;
				SWIFT_OPTIMIZATION_LEVEL = "-O";
				VALIDATE_PRODUCT = YES;
			};
			name = Release;
		};
		661338242ACEC26C004A8792 /* Debug */ = {
			isa = XCBuildConfiguration;
			buildSettings = {
				ASSETCATALOG_COMPILER_APPICON_NAME = AppIcon;
				ASSETCATALOG_COMPILER_GLOBAL_ACCENT_COLOR_NAME = AccentColor;
				CODE_SIGN_STYLE = Automatic;
				CURRENT_PROJECT_VERSION = 1;
				DEVELOPMENT_TEAM = QHNXY85LKN;
				GENERATE_INFOPLIST_FILE = YES;
				INFOPLIST_FILE = NamesList/Info.plist;
				INFOPLIST_KEY_UIApplicationSupportsIndirectInputEvents = YES;
				INFOPLIST_KEY_UILaunchStoryboardName = LaunchScreen;
				INFOPLIST_KEY_UIMainStoryboardFile = Main;
				INFOPLIST_KEY_UISupportedInterfaceOrientations_iPad = "UIInterfaceOrientationPortrait UIInterfaceOrientationPortraitUpsideDown UIInterfaceOrientationLandscapeLeft UIInterfaceOrientationLandscapeRight";
				INFOPLIST_KEY_UISupportedInterfaceOrientations_iPhone = "UIInterfaceOrientationPortrait UIInterfaceOrientationLandscapeLeft UIInterfaceOrientationLandscapeRight";
				LD_RUNPATH_SEARCH_PATHS = (
					"$(inherited)",
					"@executable_path/Frameworks",
				);
				MARKETING_VERSION = 1.0;
				PRODUCT_BUNDLE_IDENTIFIER = xdyeama.NamesList;
				PRODUCT_NAME = "$(TARGET_NAME)";
				SWIFT_EMIT_LOC_STRINGS = YES;
				SWIFT_VERSION = 5.0;
				TARGETED_DEVICE_FAMILY = "1,2";
			};
			name = Debug;
		};
		661338252ACEC26C004A8792 /* Release */ = {
			isa = XCBuildConfiguration;
			buildSettings = {
				ASSETCATALOG_COMPILER_APPICON_NAME = AppIcon;
				ASSETCATALOG_COMPILER_GLOBAL_ACCENT_COLOR_NAME = AccentColor;
				CODE_SIGN_STYLE = Automatic;
				CURRENT_PROJECT_VERSION = 1;
				DEVELOPMENT_TEAM = QHNXY85LKN;
				GENERATE_INFOPLIST_FILE = YES;
				INFOPLIST_FILE = NamesList/Info.plist;
				INFOPLIST_KEY_UIApplicationSupportsIndirectInputEvents = YES;
				INFOPLIST_KEY_UILaunchStoryboardName = LaunchScreen;
				INFOPLIST_KEY_UIMainStoryboardFile = Main;
				INFOPLIST_KEY_UISupportedInterfaceOrientations_iPad = "UIInterfaceOrientationPortrait UIInterfaceOrientationPortraitUpsideDown UIInterfaceOrientationLandscapeLeft UIInterfaceOrientationLandscapeRight";
				INFOPLIST_KEY_UISupportedInterfaceOrientations_iPhone = "UIInterfaceOrientationPortrait UIInterfaceOrientationLandscapeLeft UIInterfaceOrientationLandscapeRight";
				LD_RUNPATH_SEARCH_PATHS = (
					"$(inherited)",
					"@executable_path/Frameworks",
				);
				MARKETING_VERSION = 1.0;
				PRODUCT_BUNDLE_IDENTIFIER = xdyeama.NamesList;
				PRODUCT_NAME = "$(TARGET_NAME)";
				SWIFT_EMIT_LOC_STRINGS = YES;
				SWIFT_VERSION = 5.0;
				TARGETED_DEVICE_FAMILY = "1,2";
			};
			name = Release;
		};
/* End XCBuildConfiguration section */

/* Begin XCConfigurationList section */
		6613380A2ACEC26A004A8792 /* Build configuration list for PBXProject "NamesList" */ = {
			isa = XCConfigurationList;
			buildConfigurations = (
				661338212ACEC26C004A8792 /* Debug */,
				661338222ACEC26C004A8792 /* Release */,
			);
			defaultConfigurationIsVisible = 0;
			defaultConfigurationName = Release;
		};
		661338232ACEC26C004A8792 /* Build configuration list for PBXNativeTarget "NamesList" */ = {
			isa = XCConfigurationList;
			buildConfigurations = (
				661338242ACEC26C004A8792 /* Debug */,
				661338252ACEC26C004A8792 /* Release */,
			);
			defaultConfigurationIsVisible = 0;
			defaultConfigurationName = Release;
		};
/* End XCConfigurationList section */
	};
	rootObject = 661338072ACEC26A004A8792 /* Project object */;
}
